Microsoft Visual Studio Solution File, Format Version 12.00
# Visual Studio Version 16
VisualStudioVersion = 16.0.28721.148
MinimumVisualStudioVersion = 10.0.40219.1
Project("{2150E333-8FDC-42A3-9474-1A3956D46DE8}") = ".root", ".root", "{2F337CB6-0B9E-4765-A277-487E429DE9F1}"
	ProjectSection(SolutionItems) = preProject
		.editorconfig = .editorconfig
		.gitattributes = .gitattributes
		.gitignore = .gitignore
		build.cmd = build.cmd
		build.sh = build.sh
		Directory.Build.props = Directory.Build.props
		Directory.Build.targets = Directory.Build.targets
		LICENSE.md = LICENSE.md
		NOTICE.md = NOTICE.md
		pack.cmd = pack.cmd
		pack.sh = pack.sh
		restore.cmd = restore.cmd
		restore.sh = restore.sh
		TerraFX.snk = TerraFX.snk
		test.cmd = test.cmd
		test.sh = test.sh
	EndProjectSection
EndProject
Project("{2150E333-8FDC-42A3-9474-1A3956D46DE8}") = "docs", "docs", "{8793898A-6542-4606-AA82-AB14151D2D20}"
	ProjectSection(SolutionItems) = preProject
		docs\CODE_OF_CONDUCT.md = docs\CODE_OF_CONDUCT.md
		docs\CODEOWNERS = docs\CODEOWNERS
		docs\CONTRIBUTING.md = docs\CONTRIBUTING.md
		docs\ISSUE_TEMPLATE.md = docs\ISSUE_TEMPLATE.md
		docs\PULL_REQUEST_TEMPLATE.md = docs\PULL_REQUEST_TEMPLATE.md
		docs\README.md = docs\README.md
	EndProjectSection
EndProject
Project("{2150E333-8FDC-42A3-9474-1A3956D46DE8}") = "sources", "sources", "{0B821858-8E47-4485-AC06-D2E971A53EB2}"
	ProjectSection(SolutionItems) = preProject
		sources\Directory.Build.props = sources\Directory.Build.props
		sources\Directory.Build.targets = sources\Directory.Build.targets
	EndProjectSection
EndProject
Project("{2150E333-8FDC-42A3-9474-1A3956D46DE8}") = "Interop", "Interop", "{70FBCFD9-B96E-4E72-B35C-681D9B2DA3D6}"
EndProject
Project("{2150E333-8FDC-42A3-9474-1A3956D46DE8}") = "Xlib", "Xlib", "{63D2AF3C-3ACA-4FEA-94F9-58A30B5D175A}"
EndProject
Project("{9A19103F-16F7-4668-BE54-9A1E7A4F7556}") = "TerraFX.Interop.Xlib", "sources\Interop\Xlib\TerraFX.Interop.Xlib.csproj", "{71ACA9BE-5460-401A-8768-33FA25046A46}"
EndProject
Project("{2150E333-8FDC-42A3-9474-1A3956D46DE8}") = "tests", "tests", "{EFB05081-EC44-49D3-B6D1-52AE42085B5B}"
	ProjectSection(SolutionItems) = preProject
		tests\Directory.Build.props = tests\Directory.Build.props
		tests\Directory.Build.targets = tests\Directory.Build.targets
	EndProjectSection
EndProject
Project("{2150E333-8FDC-42A3-9474-1A3956D46DE8}") = "Interop", "Interop", "{7E31C739-2787-44ED-8304-7EFCEE1A2B2C}"
EndProject
Project("{2150E333-8FDC-42A3-9474-1A3956D46DE8}") = "Xlib", "Xlib", "{32D5D5C6-C467-4200-A978-4DCEBAD16ABF}"
EndProject
Project("{9A19103F-16F7-4668-BE54-9A1E7A4F7556}") = "TerraFX.Interop.Xlib.UnitTests", "tests\Interop\Xlib\TerraFX.Interop.Xlib.UnitTests.csproj", "{FE1214EA-21BD-4087-AD01-D42DBA8572FE}"
EndProject
Project("{2150E333-8FDC-42A3-9474-1A3956D46DE8}") = "scripts", "scripts", "{48E1F49D-7103-4DE6-9F69-915183B85095}"
	ProjectSection(SolutionItems) = preProject
		scripts\azure-ci.yml = scripts\azure-ci.yml
		scripts\azure-pipelines.yml = scripts\azure-pipelines.yml
		scripts\azure-pr.yml = scripts\azure-pr.yml
		scripts\azure-unix.yml = scripts\azure-unix.yml
		scripts\azure-windows.yml = scripts\azure-windows.yml
		scripts\build.ps1 = scripts\build.ps1
		scripts\build.sh = scripts\build.sh
		scripts\cibuild.cmd = scripts\cibuild.cmd
		scripts\cibuild.sh = scripts\cibuild.sh
	EndProjectSection
EndProject
Project("{2150E333-8FDC-42A3-9474-1A3956D46DE8}") = "generation", "generation", "{90486D00-8305-4731-BC3F-4F44965D808C}"
	ProjectSection(SolutionItems) = preProject
		generation\remap.rsp = generation\remap.rsp
		generation\settings.rsp = generation\settings.rsp
	EndProjectSection
EndProject
Project("{2150E333-8FDC-42A3-9474-1A3956D46DE8}") = "Xlib", "Xlib", "{CDA6EE4E-D045-4EDE-ACB2-43D435651D91}"
EndProject
Project("{2150E333-8FDC-42A3-9474-1A3956D46DE8}") = "cursorfont", "cursorfont", "{FEF50D28-2AF2-4201-AD91-AD483FC30A17}"
	ProjectSection(SolutionItems) = preProject
		generation\Xlib\cursorfont\generate.rsp = generation\Xlib\cursorfont\generate.rsp
		generation\Xlib\cursorfont\header.txt = generation\Xlib\cursorfont\header.txt
		generation\Xlib\cursorfont\Xlib-cursorfont.h = generation\Xlib\cursorfont\Xlib-cursorfont.h
	EndProjectSection
EndProject
Project("{2150E333-8FDC-42A3-9474-1A3956D46DE8}") = "keysymdef", "keysymdef", "{65802BFA-A866-4D07-86D0-FACE295CD675}"
	ProjectSection(SolutionItems) = preProject
		generation\Xlib\keysymdef\generate.rsp = generation\Xlib\keysymdef\generate.rsp
		generation\Xlib\keysymdef\header.txt = generation\Xlib\keysymdef\header.txt
		generation\Xlib\keysymdef\Xlib-keysymdef.h = generation\Xlib\keysymdef\Xlib-keysymdef.h
	EndProjectSection
EndProject
Project("{2150E333-8FDC-42A3-9474-1A3956D46DE8}") = "X", "X", "{7A1824C8-7227-458B-80DB-8EAE03F7C477}"
	ProjectSection(SolutionItems) = preProject
		generation\Xlib\X\generate.rsp = generation\Xlib\X\generate.rsp
		generation\Xlib\X\header.txt = generation\Xlib\X\header.txt
		generation\Xlib\X\Xlib-X.h = generation\Xlib\X\Xlib-X.h
	EndProjectSection
EndProject
Project("{2150E333-8FDC-42A3-9474-1A3956D46DE8}") = "Xatom", "Xatom", "{7A3A90E7-1302-4973-A669-CE442752892F}"
	ProjectSection(SolutionItems) = preProject
		generation\Xlib\Xatom\generate.rsp = generation\Xlib\Xatom\generate.rsp
		generation\Xlib\Xatom\header.txt = generation\Xlib\Xatom\header.txt
		generation\Xlib\Xatom\Xlib-Xatom.h = generation\Xlib\Xatom\Xlib-Xatom.h
	EndProjectSection
EndProject
Project("{2150E333-8FDC-42A3-9474-1A3956D46DE8}") = "Xcms", "Xcms", "{5CE0CD72-8BE8-45FC-931B-9646F44F1FDD}"
	ProjectSection(SolutionItems) = preProject
		generation\Xlib\Xcms\generate.rsp = generation\Xlib\Xcms\generate.rsp
		generation\Xlib\Xcms\header.txt = generation\Xlib\Xcms\header.txt
		generation\Xlib\Xcms\Xlib-Xcms.h = generation\Xlib\Xcms\Xlib-Xcms.h
	EndProjectSection
EndProject
Project("{2150E333-8FDC-42A3-9474-1A3956D46DE8}") = "Xlib", "Xlib", "{A0178C52-032A-4FA3-812F-A6412BBC8768}"
	ProjectSection(SolutionItems) = preProject
		generation\Xlib\Xlib\generate.rsp = generation\Xlib\Xlib\generate.rsp
		generation\Xlib\Xlib\header.txt = generation\Xlib\Xlib\header.txt
		generation\Xlib\Xlib\Xlib-Xlib.h = generation\Xlib\Xlib\Xlib-Xlib.h
	EndProjectSection
EndProject
Project("{2150E333-8FDC-42A3-9474-1A3956D46DE8}") = "Xproto", "Xproto", "{C60B046E-50B9-4431-8793-CEB22ABDC679}"
	ProjectSection(SolutionItems) = preProject
		generation\Xlib\Xproto\generate.rsp = generation\Xlib\Xproto\generate.rsp
		generation\Xlib\Xproto\header.txt = generation\Xlib\Xproto\header.txt
		generation\Xlib\Xproto\Xlib-Xproto.h = generation\Xlib\Xproto\Xlib-Xproto.h
	EndProjectSection
EndProject
Project("{2150E333-8FDC-42A3-9474-1A3956D46DE8}") = "Xprotostr", "Xprotostr", "{AACEFB20-C357-444F-95D6-91DBA365AF3E}"
	ProjectSection(SolutionItems) = preProject
		generation\Xlib\Xprotostr\generate.rsp = generation\Xlib\Xprotostr\generate.rsp
		generation\Xlib\Xprotostr\header.txt = generation\Xlib\Xprotostr\header.txt
		generation\Xlib\Xprotostr\Xlib-Xprotostr.h = generation\Xlib\Xprotostr\Xlib-Xprotostr.h
	EndProjectSection
EndProject
Project("{2150E333-8FDC-42A3-9474-1A3956D46DE8}") = "Xresource", "Xresource", "{5F9025A5-D822-4506-8D9F-284248336937}"
	ProjectSection(SolutionItems) = preProject
		generation\Xlib\Xresource\generate.rsp = generation\Xlib\Xresource\generate.rsp
		generation\Xlib\Xresource\header.txt = generation\Xlib\Xresource\header.txt
		generation\Xlib\Xresource\Xlib-Xresource.h = generation\Xlib\Xresource\Xlib-Xresource.h
	EndProjectSection
EndProject
Project("{2150E333-8FDC-42A3-9474-1A3956D46DE8}") = "Xutil", "Xutil", "{DF5123A5-AB01-42FB-8F1E-2DD319107969}"
	ProjectSection(SolutionItems) = preProject
		generation\Xlib\Xutil\generate.rsp = generation\Xlib\Xutil\generate.rsp
		generation\Xlib\Xutil\header.txt = generation\Xlib\Xutil\header.txt
		generation\Xlib\Xutil\Xlib-Xutil.h = generation\Xlib\Xutil\Xlib-Xutil.h
	EndProjectSection
EndProject
Global
	GlobalSection(SolutionConfigurationPlatforms) = preSolution
		Debug|Any CPU = Debug|Any CPU
		Release|Any CPU = Release|Any CPU
	EndGlobalSection
	GlobalSection(ProjectConfigurationPlatforms) = postSolution
		{71ACA9BE-5460-401A-8768-33FA25046A46}.Debug|Any CPU.ActiveCfg = Debug|Any CPU
		{71ACA9BE-5460-401A-8768-33FA25046A46}.Debug|Any CPU.Build.0 = Debug|Any CPU
		{71ACA9BE-5460-401A-8768-33FA25046A46}.Release|Any CPU.ActiveCfg = Release|Any CPU
		{71ACA9BE-5460-401A-8768-33FA25046A46}.Release|Any CPU.Build.0 = Release|Any CPU
		{FE1214EA-21BD-4087-AD01-D42DBA8572FE}.Debug|Any CPU.ActiveCfg = Debug|Any CPU
		{FE1214EA-21BD-4087-AD01-D42DBA8572FE}.Debug|Any CPU.Build.0 = Debug|Any CPU
		{FE1214EA-21BD-4087-AD01-D42DBA8572FE}.Release|Any CPU.ActiveCfg = Release|Any CPU
		{FE1214EA-21BD-4087-AD01-D42DBA8572FE}.Release|Any CPU.Build.0 = Release|Any CPU
	EndGlobalSection
	GlobalSection(SolutionProperties) = preSolution
		HideSolutionNode = FALSE
	EndGlobalSection
	GlobalSection(NestedProjects) = preSolution
		{70FBCFD9-B96E-4E72-B35C-681D9B2DA3D6} = {0B821858-8E47-4485-AC06-D2E971A53EB2}
		{63D2AF3C-3ACA-4FEA-94F9-58A30B5D175A} = {70FBCFD9-B96E-4E72-B35C-681D9B2DA3D6}
		{71ACA9BE-5460-401A-8768-33FA25046A46} = {63D2AF3C-3ACA-4FEA-94F9-58A30B5D175A}
		{7E31C739-2787-44ED-8304-7EFCEE1A2B2C} = {EFB05081-EC44-49D3-B6D1-52AE42085B5B}
		{32D5D5C6-C467-4200-A978-4DCEBAD16ABF} = {7E31C739-2787-44ED-8304-7EFCEE1A2B2C}
		{FE1214EA-21BD-4087-AD01-D42DBA8572FE} = {32D5D5C6-C467-4200-A978-4DCEBAD16ABF}
		{CDA6EE4E-D045-4EDE-ACB2-43D435651D91} = {90486D00-8305-4731-BC3F-4F44965D808C}
		{FEF50D28-2AF2-4201-AD91-AD483FC30A17} = {CDA6EE4E-D045-4EDE-ACB2-43D435651D91}
		{65802BFA-A866-4D07-86D0-FACE295CD675} = {CDA6EE4E-D045-4EDE-ACB2-43D435651D91}
		{7A1824C8-7227-458B-80DB-8EAE03F7C477} = {CDA6EE4E-D045-4EDE-ACB2-43D435651D91}
		{7A3A90E7-1302-4973-A669-CE442752892F} = {CDA6EE4E-D045-4EDE-ACB2-43D435651D91}
		{5CE0CD72-8BE8-45FC-931B-9646F44F1FDD} = {CDA6EE4E-D045-4EDE-ACB2-43D435651D91}
		{A0178C52-032A-4FA3-812F-A6412BBC8768} = {CDA6EE4E-D045-4EDE-ACB2-43D435651D91}
		{C60B046E-50B9-4431-8793-CEB22ABDC679} = {CDA6EE4E-D045-4EDE-ACB2-43D435651D91}
		{AACEFB20-C357-444F-95D6-91DBA365AF3E} = {CDA6EE4E-D045-4EDE-ACB2-43D435651D91}
		{5F9025A5-D822-4506-8D9F-284248336937} = {CDA6EE4E-D045-4EDE-ACB2-43D435651D91}
		{DF5123A5-AB01-42FB-8F1E-2DD319107969} = {CDA6EE4E-D045-4EDE-ACB2-43D435651D91}
	EndGlobalSection
	GlobalSection(ExtensibilityGlobals) = postSolution
		SolutionGuid = {2FE36DF8-2D9C-4F20-8787-45DC74B57461}
	EndGlobalSection
EndGlobal
